
Microsoft Visual Studio Solution File, Format Version 12.00
# Visual Studio Version 16
VisualStudioVersion = 16.0.31105.61
MinimumVisualStudioVersion = 10.0.40219.1
Project("{FAE04EC0-301F-11D3-BF4B-00C04F79EFBC}") = "Tugas Kecil 3 Stima", "Tugas Kecil 3 Stima\Tugas Kecil 3 Stima.csproj", "{891142DE-DE88-41C0-ABDF-4D8F6AF04792}"
EndProject
Global
	GlobalSection(SolutionConfigurationPlatforms) = preSolution
		Debug|Any CPU = Debug|Any CPU
		Release|Any CPU = Release|Any CPU
	EndGlobalSection
	GlobalSection(ProjectConfigurationPlatforms) = postSolution
		{891142DE-DE88-41C0-ABDF-4D8F6AF04792}.Debug|Any CPU.ActiveCfg = Debug|Any CPU
		{891142DE-DE88-41C0-ABDF-4D8F6AF04792}.Debug|Any CPU.Build.0 = Debug|Any CPU
		{891142DE-DE88-41C0-ABDF-4D8F6AF04792}.Release|Any CPU.ActiveCfg = Release|Any CPU
		{891142DE-DE88-41C0-ABDF-4D8F6AF04792}.Release|Any CPU.Build.0 = Release|Any CPU
	EndGlobalSection
	GlobalSection(SolutionProperties) = preSolution
		HideSolutionNode = FALSE
	EndGlobalSection
	GlobalSection(ExtensibilityGlobals) = postSolution
		SolutionGuid = {079032C7-6F3E-4994-9A53-4A674FE63C7E}
	EndGlobalSection
EndGlobal
